
Microsoft Visual Studio Solution File, Format Version 12.00
# Visual Studio 15
VisualStudioVersion = 15.0.28010.2016
MinimumVisualStudioVersion = 10.0.40219.1
Project("{FAE04EC0-301F-11D3-BF4B-00C04F79EFBC}") = "ClockDesktop", "ClockDesktop\ClockDesktop.csproj", "{F5E735C6-F0C0-4EBD-93A0-FEB7D3475102}"
EndProject
Global
	GlobalSection(SolutionConfigurationPlatforms) = preSolution
		Debug|Any CPU = Debug|Any CPU
		Release|Any CPU = Release|Any CPU
	EndGlobalSection
	GlobalSection(ProjectConfigurationPlatforms) = postSolution
		{F5E735C6-F0C0-4EBD-93A0-FEB7D3475102}.Debug|Any CPU.ActiveCfg = Debug|Any CPU
		{F5E735C6-F0C0-4EBD-93A0-FEB7D3475102}.Debug|Any CPU.Build.0 = Debug|Any CPU
		{F5E735C6-F0C0-4EBD-93A0-FEB7D3475102}.Release|Any CPU.ActiveCfg = Release|Any CPU
		{F5E735C6-F0C0-4EBD-93A0-FEB7D3475102}.Release|Any CPU.Build.0 = Release|Any CPU
	EndGlobalSection
	GlobalSection(SolutionProperties) = preSolution
		HideSolutionNode = FALSE
	EndGlobalSection
	GlobalSection(ExtensibilityGlobals) = postSolution
		SolutionGuid = {E0FB9BAD-42A2-4646-90B9-25CCF47690BE}
	EndGlobalSection
EndGlobal
